
Microsoft Visual Studio Solution File, Format Version 12.00
# Visual Studio Version 16
VisualStudioVersion = 16.0.29905.134
MinimumVisualStudioVersion = 10.0.40219.1
Project("{9A19103F-16F7-4668-BE54-9A1E7A4F7556}") = "CoreLibrary", "CoreLibrary\CoreLibrary.csproj", "{D3C702D9-CA14-4E5F-AF16-6A66C7A33A4B}"
EndProject
Project("{9A19103F-16F7-4668-BE54-9A1E7A4F7556}") = "ConsoleApp", "ConsoleApp\ConsoleApp.csproj", "{E355C6C1-5304-4B73-8908-A886937264ED}"
EndProject
Project("{9A19103F-16F7-4668-BE54-9A1E7A4F7556}") = "CoreWebAPI", "CoreWebAPI\CoreWebAPI.csproj", "{3389D52E-97F8-45D2-BF36-59F92E272DBC}"
EndProject
Global
	GlobalSection(SolutionConfigurationPlatforms) = preSolution
		Debug|Any CPU = Debug|Any CPU
		Release|Any CPU = Release|Any CPU
	EndGlobalSection
	GlobalSection(ProjectConfigurationPlatforms) = postSolution
		{D3C702D9-CA14-4E5F-AF16-6A66C7A33A4B}.Debug|Any CPU.ActiveCfg = Debug|Any CPU
		{D3C702D9-CA14-4E5F-AF16-6A66C7A33A4B}.Debug|Any CPU.Build.0 = Debug|Any CPU
		{D3C702D9-CA14-4E5F-AF16-6A66C7A33A4B}.Release|Any CPU.ActiveCfg = Release|Any CPU
		{D3C702D9-CA14-4E5F-AF16-6A66C7A33A4B}.Release|Any CPU.Build.0 = Release|Any CPU
		{E355C6C1-5304-4B73-8908-A886937264ED}.Debug|Any CPU.ActiveCfg = Debug|Any CPU
		{E355C6C1-5304-4B73-8908-A886937264ED}.Debug|Any CPU.Build.0 = Debug|Any CPU
		{E355C6C1-5304-4B73-8908-A886937264ED}.Release|Any CPU.ActiveCfg = Release|Any CPU
		{E355C6C1-5304-4B73-8908-A886937264ED}.Release|Any CPU.Build.0 = Release|Any CPU
		{3389D52E-97F8-45D2-BF36-59F92E272DBC}.Debug|Any CPU.ActiveCfg = Debug|Any CPU
		{3389D52E-97F8-45D2-BF36-59F92E272DBC}.Debug|Any CPU.Build.0 = Debug|Any CPU
		{3389D52E-97F8-45D2-BF36-59F92E272DBC}.Release|Any CPU.ActiveCfg = Release|Any CPU
		{3389D52E-97F8-45D2-BF36-59F92E272DBC}.Release|Any CPU.Build.0 = Release|Any CPU
	EndGlobalSection
	GlobalSection(SolutionProperties) = preSolution
		HideSolutionNode = FALSE
	EndGlobalSection
	GlobalSection(ExtensibilityGlobals) = postSolution
		SolutionGuid = {DD417FA4-5B74-4468-A636-477BCCDE77D2}
	EndGlobalSection
EndGlobal
